# This file is generated by running "yarn install" inside your project.
# Manual changes might be lost - proceed with caution!

__metadata:
  version: 5
  cacheKey: 8

"@cspotcode/source-map-support@npm:^0.8.0":
  version: 0.8.1
  resolution: "@cspotcode/source-map-support@npm:0.8.1"
  dependencies:
    "@jridgewell/trace-mapping": 0.3.9
  checksum: 5718f267085ed8edb3e7ef210137241775e607ee18b77d95aa5bd7514f47f5019aa2d82d96b3bf342ef7aa890a346fa1044532ff7cc3009e7d24fce3ce6200fa
  languageName: node
  linkType: hard

"@jridgewell/resolve-uri@npm:^3.0.3":
  version: 3.1.0
  resolution: "@jridgewell/resolve-uri@npm:3.1.0"
  checksum: b5ceaaf9a110fcb2780d1d8f8d4a0bfd216702f31c988d8042e5f8fbe353c55d9b0f55a1733afdc64806f8e79c485d2464680ac48a0d9fcadb9548ee6b81d267
  languageName: node
  linkType: hard

"@jridgewell/sourcemap-codec@npm:^1.4.10":
  version: 1.4.14
  resolution: "@jridgewell/sourcemap-codec@npm:1.4.14"
  checksum: 61100637b6d173d3ba786a5dff019e1a74b1f394f323c1fee337ff390239f053b87266c7a948777f4b1ee68c01a8ad0ab61e5ff4abb5a012a0b091bec391ab97
  languageName: node
  linkType: hard

"@jridgewell/trace-mapping@npm:0.3.9":
  version: 0.3.9
  resolution: "@jridgewell/trace-mapping@npm:0.3.9"
  dependencies:
    "@jridgewell/resolve-uri": ^3.0.3
    "@jridgewell/sourcemap-codec": ^1.4.10
  checksum: d89597752fd88d3f3480845691a05a44bd21faac18e2185b6f436c3b0fd0c5a859fbbd9aaa92050c4052caf325ad3e10e2e1d1b64327517471b7d51babc0ddef
  languageName: node
  linkType: hard

"@prisma/client@npm:>=4.2.0":
  version: 4.12.0
  resolution: "@prisma/client@npm:4.12.0"
  dependencies:
    "@prisma/engines-version": 4.12.0-67.659ef412370fa3b41cd7bf6e94587c1dfb7f67e7
  peerDependencies:
    prisma: "*"
  peerDependenciesMeta:
    prisma:
      optional: true
  checksum: bbd17500ee218a71e765a75b649c56bc0da1903e63d69d716b6a0e6995c8e1cc5265423ba1518a789c3e71b91d93e7937180db2d107e426bd4ad2f51998240f0
  languageName: node
  linkType: hard

"@prisma/engines-version@npm:4.12.0-67.659ef412370fa3b41cd7bf6e94587c1dfb7f67e7":
  version: 4.12.0-67.659ef412370fa3b41cd7bf6e94587c1dfb7f67e7
  resolution: "@prisma/engines-version@npm:4.12.0-67.659ef412370fa3b41cd7bf6e94587c1dfb7f67e7"
  checksum: 54615d6982db9c50eed6132ad7ab3f32ef93f64d36b7f932b0d6109cd54028ea459293833e48b849a5dd968d934bb3cfb275b9a9172934032f95355d6f663dcf
  languageName: node
  linkType: hard

"@prisma/engines@npm:4.12.0":
  version: 4.12.0
  resolution: "@prisma/engines@npm:4.12.0"
  checksum: 5d226a2c86bee5bc6fa34910ec9ba9a68a1c0248977d0da47964372edcfe773ee6c4bb00e244258f535570f018d883f0ab9e2677cf06471869bb8857f79880f6
  languageName: node
  linkType: hard

"@tsconfig/node10@npm:^1.0.7":
  version: 1.0.9
  resolution: "@tsconfig/node10@npm:1.0.9"
  checksum: a33ae4dc2a621c0678ac8ac4bceb8e512ae75dac65417a2ad9b022d9b5411e863c4c198b6ba9ef659e14b9fb609bbec680841a2e84c1172df7a5ffcf076539df
  languageName: node
  linkType: hard

"@tsconfig/node12@npm:^1.0.7":
  version: 1.0.11
  resolution: "@tsconfig/node12@npm:1.0.11"
  checksum: 5ce29a41b13e7897a58b8e2df11269c5395999e588b9a467386f99d1d26f6c77d1af2719e407621412520ea30517d718d5192a32403b8dfcc163bf33e40a338a
  languageName: node
  linkType: hard

"@tsconfig/node14@npm:^1.0.0":
  version: 1.0.3
  resolution: "@tsconfig/node14@npm:1.0.3"
  checksum: 19275fe80c4c8d0ad0abed6a96dbf00642e88b220b090418609c4376e1cef81bf16237bf170ad1b341452feddb8115d8dd2e5acdfdea1b27422071163dc9ba9d
  languageName: node
  linkType: hard

"@tsconfig/node16@npm:^1.0.2":
  version: 1.0.3
  resolution: "@tsconfig/node16@npm:1.0.3"
  checksum: 3a8b657dd047495b7ad23437d6afd20297ce90380ff0bdee93fc7d39a900dbd8d9e26e53ff6b465e7967ce2adf0b218782590ce9013285121e6a5928fbd6819f
  languageName: node
  linkType: hard

"@types/node@npm:*":
  version: 18.0.6
  resolution: "@types/node@npm:18.0.6"
  checksum: 780f8885a6b6eb12f4c0246617747fdc37a451931b3c01ce8148d356c0903b705dcb16cc6a914de63d48b0dc1b002c7a3dfae681f580e1761aa551d3cd996813
  languageName: node
  linkType: hard

"@types/node@npm:18.15.11":
  version: 18.15.11
  resolution: "@types/node@npm:18.15.11"
  checksum: 977b4ad04708897ff0eb049ecf82246d210939c82461922d20f7d2dcfd81bbc661582ba3af28869210f7e8b1934529dcd46bff7d448551400f9d48b9d3bddec3
  languageName: node
  linkType: hard

"@types/yauzl@npm:^2.9.1":
  version: 2.10.0
  resolution: "@types/yauzl@npm:2.10.0"
  dependencies:
    "@types/node": "*"
  checksum: 55d27ae5d346ea260e40121675c24e112ef0247649073848e5d4e03182713ae4ec8142b98f61a1c6cbe7d3b72fa99bbadb65d8b01873e5e605cdc30f1ff70ef2
  languageName: node
  linkType: hard

"acorn-walk@npm:^8.1.1":
  version: 8.2.0
  resolution: "acorn-walk@npm:8.2.0"
  checksum: 1715e76c01dd7b2d4ca472f9c58968516a4899378a63ad5b6c2d668bba8da21a71976c14ec5f5b75f887b6317c4ae0b897ab141c831d741dc76024d8745f1ad1
  languageName: node
  linkType: hard

"acorn@npm:^8.4.1":
  version: 8.7.1
  resolution: "acorn@npm:8.7.1"
  bin:
    acorn: bin/acorn
  checksum: aca0aabf98826717920ac2583fdcad0a6fbe4e583fdb6e843af2594e907455aeafe30b1e14f1757cd83ce1776773cf8296ffc3a4acf13f0bd3dfebcf1db6ae80
  languageName: node
  linkType: hard

"agent-base@npm:6, agent-base@npm:>=6.0.2, agent-base@npm:^6.0.2":
  version: 6.0.2
  resolution: "agent-base@npm:6.0.2"
  dependencies:
    debug: 4
  checksum: f52b6872cc96fd5f622071b71ef200e01c7c4c454ee68bc9accca90c98cfb39f2810e3e9aa330435835eedc8c23f4f8a15267f67c6e245d2b33757575bdac49d
  languageName: node
  linkType: hard

"arcalast-kamige-bbs@workspace:.":
  version: 0.0.0-use.local
  resolution: "arcalast-kamige-bbs@workspace:."
  dependencies:
    "@prisma/client": ">=4.2.0"
    "@types/node": 18.15.11
    agent-base: ">=6.0.2"
    axios: 1.3.5
    balanced-match: ">=2.0.0"
    brace-expansion: ">=2.0.0"
    buffer-crc32: ">=0.2.13"
    commander: ">=9.0.0"
    concat-map: ">=0.0.1"
    debug: ">=4.3.3"
    dotenv: 16.0.3
    end-of-stream: ">=1.4.4"
    escape-string-regexp: ">=5.0.0"
    extract-zip: ">=2.0.1"
    fd-slicer: ">=1.1.0"
    fs.realpath: ">=1.0.0"
    get-stream: ">=6.0.0"
    glob: ">=8.0.0"
    graceful-fs: ">=4.2.9"
    https-proxy-agent: ">=5.0.0"
    inflight: ">=1.0.6"
    inherits: ">=2.0.4"
    ip: ">=1.1.5"
    jpeg-js: ">=0.4.4"
    mime: ">=3.0.0"
    minimatch: ">=5.0.0"
    ms: ">=2.1.2"
    once: ">=1.4.0"
    path-is-absolute: ">=1.0.1"
    pend: ">=1.2.0"
    pngjs: ">=6.0.0"
    prisma: 4.12.0
    progress: ">=2.0.3"
    proper-lockfile: ">=4.1.2"
    proxy-from-env: ">=1.1.0"
    pump: ">=3.0.0"
    retry: ">=0.13.0"
    rimraf: ">=3.0.2"
    signal-exit: ">=3.0.6"
    smart-buffer: ">=4.2.0"
    socks: ">=2.6.1"
    socks-proxy-agent: ">=7.0.0"
    stack-utils: ">=2.0.5"
    ts-node: 10.9.1
    typescript: 5.0.4
    wrappy: ">=1.0.2"
    ws: ">=8.0.0"
    yauzl: ">=2.10.0"
    yazl: ">=2.5.1"
  languageName: unknown
  linkType: soft

"arg@npm:^4.1.0":
  version: 4.1.3
  resolution: "arg@npm:4.1.3"
  checksum: 544af8dd3f60546d3e4aff084d451b96961d2267d668670199692f8d054f0415d86fc5497d0e641e91546f0aa920e7c29e5250e99fc89f5552a34b5d93b77f43
  languageName: node
  linkType: hard

"asynckit@npm:^0.4.0":
  version: 0.4.0
  resolution: "asynckit@npm:0.4.0"
  checksum: 7b78c451df768adba04e2d02e63e2d0bf3b07adcd6e42b4cf665cb7ce899bedd344c69a1dcbce355b5f972d597b25aaa1c1742b52cffd9caccb22f348114f6be
  languageName: node
  linkType: hard

"axios@npm:1.3.5":
  version: 1.3.5
  resolution: "axios@npm:1.3.5"
  dependencies:
    follow-redirects: ^1.15.0
    form-data: ^4.0.0
    proxy-from-env: ^1.1.0
  checksum: 4d6bcf933b1cdff86d4993752aaeeeedc4a7f7a4b1c942847f6884bb13fc6106610ff826b076acf0b08d8ced55dee9344bb9a11f3624c3e70ab1da1a40bb5506
  languageName: node
  linkType: hard

"balanced-match@npm:>=2.0.0":
  version: 2.0.0
  resolution: "balanced-match@npm:2.0.0"
  checksum: 9a5caad6a292c5df164cc6d0c38e0eedf9a1413f42e5fece733640949d74d0052cfa9587c1a1681f772147fb79be495121325a649526957fd75b3a216d1fbc68
  languageName: node
  linkType: hard

"balanced-match@npm:^1.0.0":
  version: 1.0.2
  resolution: "balanced-match@npm:1.0.2"
  checksum: 9706c088a283058a8a99e0bf91b0a2f75497f185980d9ffa8b304de1d9e58ebda7c72c07ebf01dadedaac5b2907b2c6f566f660d62bd336c3468e960403b9d65
  languageName: node
  linkType: hard

"brace-expansion@npm:>=2.0.0, brace-expansion@npm:^2.0.1":
  version: 2.0.1
  resolution: "brace-expansion@npm:2.0.1"
  dependencies:
    balanced-match: ^1.0.0
  checksum: a61e7cd2e8a8505e9f0036b3b6108ba5e926b4b55089eeb5550cd04a471fe216c96d4fe7e4c7f995c728c554ae20ddfc4244cad10aef255e72b62930afd233d1
  languageName: node
  linkType: hard

"buffer-crc32@npm:>=0.2.13, buffer-crc32@npm:~0.2.3":
  version: 0.2.13
  resolution: "buffer-crc32@npm:0.2.13"
  checksum: 06252347ae6daca3453b94e4b2f1d3754a3b146a111d81c68924c22d91889a40623264e95e67955b1cb4a68cbedf317abeabb5140a9766ed248973096db5ce1c
  languageName: node
  linkType: hard

"combined-stream@npm:^1.0.8":
  version: 1.0.8
  resolution: "combined-stream@npm:1.0.8"
  dependencies:
    delayed-stream: ~1.0.0
  checksum: 49fa4aeb4916567e33ea81d088f6584749fc90c7abec76fd516bf1c5aa5c79f3584b5ba3de6b86d26ddd64bae5329c4c7479343250cfe71c75bb366eae53bb7c
  languageName: node
  linkType: hard

"commander@npm:>=9.0.0":
  version: 10.0.1
  resolution: "commander@npm:10.0.1"
  checksum: 436901d64a818295803c1996cd856621a74f30b9f9e28a588e726b2b1670665bccd7c1a77007ebf328729f0139838a88a19265858a0fa7a8728c4656796db948
  languageName: node
  linkType: hard

"concat-map@npm:>=0.0.1":
  version: 0.0.2
  resolution: "concat-map@npm:0.0.2"
  checksum: 07be35deea5511958c9603eff77a060a5cacc10ad8ad1b471a6cdc61abdef3adfc38f9f8bd6344eb741f486c8c4151d82afbdbdd83aef5c6498e0047cf8cc80f
  languageName: node
  linkType: hard

"create-require@npm:^1.1.0":
  version: 1.1.1
  resolution: "create-require@npm:1.1.1"
  checksum: a9a1503d4390d8b59ad86f4607de7870b39cad43d929813599a23714831e81c520bddf61bcdd1f8e30f05fd3a2b71ae8538e946eb2786dc65c2bbc520f692eff
  languageName: node
  linkType: hard

"debug@npm:4, debug@npm:>=4.3.3, debug@npm:^4.1.1, debug@npm:^4.3.3":
  version: 4.3.4
  resolution: "debug@npm:4.3.4"
  dependencies:
    ms: 2.1.2
  peerDependenciesMeta:
    supports-color:
      optional: true
  checksum: 3dbad3f94ea64f34431a9cbf0bafb61853eda57bff2880036153438f50fb5a84f27683ba0d8e5426bf41a8c6ff03879488120cf5b3a761e77953169c0600a708
  languageName: node
  linkType: hard

"delayed-stream@npm:~1.0.0":
  version: 1.0.0
  resolution: "delayed-stream@npm:1.0.0"
  checksum: 46fe6e83e2cb1d85ba50bd52803c68be9bd953282fa7096f51fc29edd5d67ff84ff753c51966061e5ba7cb5e47ef6d36a91924eddb7f3f3483b1c560f77a0020
  languageName: node
  linkType: hard

"diff@npm:^4.0.1":
  version: 4.0.2
  resolution: "diff@npm:4.0.2"
  checksum: f2c09b0ce4e6b301c221addd83bf3f454c0bc00caa3dd837cf6c127d6edf7223aa2bbe3b688feea110b7f262adbfc845b757c44c8a9f8c0c5b15d8fa9ce9d20d
  languageName: node
  linkType: hard

"dotenv@npm:16.0.3":
  version: 16.0.3
  resolution: "dotenv@npm:16.0.3"
  checksum: afcf03f373d7a6d62c7e9afea6328e62851d627a4e73f2e12d0a8deae1cd375892004f3021883f8aec85932cd2834b091f568ced92b4774625b321db83b827f8
  languageName: node
  linkType: hard

"end-of-stream@npm:>=1.4.4, end-of-stream@npm:^1.1.0":
  version: 1.4.4
  resolution: "end-of-stream@npm:1.4.4"
  dependencies:
    once: ^1.4.0
  checksum: 530a5a5a1e517e962854a31693dbb5c0b2fc40b46dad2a56a2deec656ca040631124f4795823acc68238147805f8b021abbe221f4afed5ef3c8e8efc2024908b
  languageName: node
  linkType: hard

"escape-string-regexp@npm:>=5.0.0":
  version: 5.0.0
  resolution: "escape-string-regexp@npm:5.0.0"
  checksum: 20daabe197f3cb198ec28546deebcf24b3dbb1a5a269184381b3116d12f0532e06007f4bc8da25669d6a7f8efb68db0758df4cd981f57bc5b57f521a3e12c59e
  languageName: node
  linkType: hard

"escape-string-regexp@npm:^2.0.0":
  version: 2.0.0
  resolution: "escape-string-regexp@npm:2.0.0"
  checksum: 9f8a2d5743677c16e85c810e3024d54f0c8dea6424fad3c79ef6666e81dd0846f7437f5e729dfcdac8981bc9e5294c39b4580814d114076b8d36318f46ae4395
  languageName: node
  linkType: hard

"extract-zip@npm:>=2.0.1":
  version: 2.0.1
  resolution: "extract-zip@npm:2.0.1"
  dependencies:
    "@types/yauzl": ^2.9.1
    debug: ^4.1.1
    get-stream: ^5.1.0
    yauzl: ^2.10.0
  dependenciesMeta:
    "@types/yauzl":
      optional: true
  bin:
    extract-zip: cli.js
  checksum: 8cbda9debdd6d6980819cc69734d874ddd71051c9fe5bde1ef307ebcedfe949ba57b004894b585f758b7c9eeeea0e3d87f2dda89b7d25320459c2c9643ebb635
  languageName: node
  linkType: hard

"fd-slicer@npm:>=1.1.0, fd-slicer@npm:~1.1.0":
  version: 1.1.0
  resolution: "fd-slicer@npm:1.1.0"
  dependencies:
    pend: ~1.2.0
  checksum: c8585fd5713f4476eb8261150900d2cb7f6ff2d87f8feb306ccc8a1122efd152f1783bdb2b8dc891395744583436bfd8081d8e63ece0ec8687eeefea394d4ff2
  languageName: node
  linkType: hard

"follow-redirects@npm:^1.15.0":
  version: 1.15.2
  resolution: "follow-redirects@npm:1.15.2"
  peerDependenciesMeta:
    debug:
      optional: true
  checksum: faa66059b66358ba65c234c2f2a37fcec029dc22775f35d9ad6abac56003268baf41e55f9ee645957b32c7d9f62baf1f0b906e68267276f54ec4b4c597c2b190
  languageName: node
  linkType: hard

"form-data@npm:^4.0.0":
  version: 4.0.0
  resolution: "form-data@npm:4.0.0"
  dependencies:
    asynckit: ^0.4.0
    combined-stream: ^1.0.8
    mime-types: ^2.1.12
  checksum: 01135bf8675f9d5c61ff18e2e2932f719ca4de964e3be90ef4c36aacfc7b9cb2fceb5eca0b7e0190e3383fe51c5b37f4cb80b62ca06a99aaabfcfd6ac7c9328c
  languageName: node
  linkType: hard

"fs.realpath@npm:>=1.0.0, fs.realpath@npm:^1.0.0":
  version: 1.0.0
  resolution: "fs.realpath@npm:1.0.0"
  checksum: 99ddea01a7e75aa276c250a04eedeffe5662bce66c65c07164ad6264f9de18fb21be9433ead460e54cff20e31721c811f4fb5d70591799df5f85dce6d6746fd0
  languageName: node
  linkType: hard

"get-stream@npm:>=6.0.0":
  version: 6.0.1
  resolution: "get-stream@npm:6.0.1"
  checksum: e04ecece32c92eebf5b8c940f51468cd53554dcbb0ea725b2748be583c9523d00128137966afce410b9b051eb2ef16d657cd2b120ca8edafcf5a65e81af63cad
  languageName: node
  linkType: hard

"get-stream@npm:^5.1.0":
  version: 5.2.0
  resolution: "get-stream@npm:5.2.0"
  dependencies:
    pump: ^3.0.0
  checksum: 8bc1a23174a06b2b4ce600df38d6c98d2ef6d84e020c1ddad632ad75bac4e092eeb40e4c09e0761c35fc2dbc5e7fff5dab5e763a383582c4a167dd69a905bd12
  languageName: node
  linkType: hard

"glob@npm:>=8.0.0, glob@npm:^10.0.0":
  version: 10.1.0
  resolution: "glob@npm:10.1.0"
  dependencies:
    fs.realpath: ^1.0.0
    minimatch: ^9.0.0
    minipass: ^5.0.0
    path-scurry: ^1.7.0
  checksum: 93021661bfcd474dcf2866f1ce1defb2a8b323fcdfaa32197040bd15235960115fd41347222eaf704050869c2922cf7c021404b77544cec77399899b0401f663
  languageName: node
  linkType: hard

"graceful-fs@npm:>=4.2.9":
  version: 4.2.11
  resolution: "graceful-fs@npm:4.2.11"
  checksum: ac85f94da92d8eb6b7f5a8b20ce65e43d66761c55ce85ac96df6865308390da45a8d3f0296dd3a663de65d30ba497bd46c696cc1e248c72b13d6d567138a4fc7
  languageName: node
  linkType: hard

"graceful-fs@npm:^4.2.4":
  version: 4.2.10
  resolution: "graceful-fs@npm:4.2.10"
  checksum: 3f109d70ae123951905d85032ebeae3c2a5a7a997430df00ea30df0e3a6c60cf6689b109654d6fdacd28810a053348c4d14642da1d075049e6be1ba5216218da
  languageName: node
  linkType: hard

"https-proxy-agent@npm:>=5.0.0":
  version: 5.0.1
  resolution: "https-proxy-agent@npm:5.0.1"
  dependencies:
    agent-base: 6
    debug: 4
  checksum: 571fccdf38184f05943e12d37d6ce38197becdd69e58d03f43637f7fa1269cf303a7d228aa27e5b27bbd3af8f09fd938e1c91dcfefff2df7ba77c20ed8dfc765
  languageName: node
  linkType: hard

"inflight@npm:>=1.0.6":
  version: 1.0.6
  resolution: "inflight@npm:1.0.6"
  dependencies:
    once: ^1.3.0
    wrappy: 1
  checksum: f4f76aa072ce19fae87ce1ef7d221e709afb59d445e05d47fba710e85470923a75de35bfae47da6de1b18afc3ce83d70facf44cfb0aff89f0a3f45c0a0244dfd
  languageName: node
  linkType: hard

"inherits@npm:>=2.0.4":
  version: 2.0.4
  resolution: "inherits@npm:2.0.4"
  checksum: 4a48a733847879d6cf6691860a6b1e3f0f4754176e4d71494c41f3475553768b10f84b5ce1d40fbd0e34e6bfbb864ee35858ad4dd2cf31e02fc4a154b724d7f1
  languageName: node
  linkType: hard

"ip@npm:>=1.1.5, ip@npm:^2.0.0":
  version: 2.0.0
  resolution: "ip@npm:2.0.0"
  checksum: cfcfac6b873b701996d71ec82a7dd27ba92450afdb421e356f44044ed688df04567344c36cbacea7d01b1c39a4c732dc012570ebe9bebfb06f27314bca625349
  languageName: node
  linkType: hard

"jpeg-js@npm:>=0.4.4":
  version: 0.4.4
  resolution: "jpeg-js@npm:0.4.4"
  checksum: bd7cb61aa8df40a9ee2c2106839c3df6054891e56cfc22c0ac581402e06c6295f962a4754b0b2ac50a401789131b1c6dc9df8d24400f1352168be1894833c590
  languageName: node
  linkType: hard

"lru-cache@npm:^9.0.0":
  version: 9.0.0
  resolution: "lru-cache@npm:9.0.0"
  checksum: d90173404f4f2b48d238c361eaa5ff302507b9be65beb71282147e18a50d4b521361df99d7ded199b6c2e6451078c417d64d9d649e466f2bed8b5de2795cbbb6
  languageName: node
  linkType: hard

"make-error@npm:^1.1.1":
  version: 1.3.6
  resolution: "make-error@npm:1.3.6"
  checksum: b86e5e0e25f7f777b77fabd8e2cbf15737972869d852a22b7e73c17623928fccb826d8e46b9951501d3f20e51ad74ba8c59ed584f610526a48f8ccf88aaec402
  languageName: node
  linkType: hard

"mime-db@npm:1.52.0":
  version: 1.52.0
  resolution: "mime-db@npm:1.52.0"
  checksum: 0d99a03585f8b39d68182803b12ac601d9c01abfa28ec56204fa330bc9f3d1c5e14beb049bafadb3dbdf646dfb94b87e24d4ec7b31b7279ef906a8ea9b6a513f
  languageName: node
  linkType: hard

"mime-types@npm:^2.1.12":
  version: 2.1.35
  resolution: "mime-types@npm:2.1.35"
  dependencies:
    mime-db: 1.52.0
  checksum: 89a5b7f1def9f3af5dad6496c5ed50191ae4331cc5389d7c521c8ad28d5fdad2d06fd81baf38fed813dc4e46bb55c8145bb0ff406330818c9cf712fb2e9b3836
  languageName: node
  linkType: hard

"mime@npm:>=3.0.0":
  version: 3.0.0
  resolution: "mime@npm:3.0.0"
  bin:
    mime: cli.js
  checksum: f43f9b7bfa64534e6b05bd6062961681aeb406a5b53673b53b683f27fcc4e739989941836a355eef831f4478923651ecc739f4a5f6e20a76487b432bfd4db928
  languageName: node
  linkType: hard

"minimatch@npm:>=5.0.0, minimatch@npm:^9.0.0":
  version: 9.0.0
  resolution: "minimatch@npm:9.0.0"
  dependencies:
    brace-expansion: ^2.0.1
  checksum: 7bd57899edd1d1b0560f50b5b2d1ea4ad2a366c5a2c8e0a943372cf2f200b64c256bae45a87a80915adbce27fa36526264296ace0da57b600481fe5ea3e372e5
  languageName: node
  linkType: hard

"minipass@npm:^5.0.0":
  version: 5.0.0
  resolution: "minipass@npm:5.0.0"
  checksum: 425dab288738853fded43da3314a0b5c035844d6f3097a8e3b5b29b328da8f3c1af6fc70618b32c29ff906284cf6406b6841376f21caaadd0793c1d5a6a620ea
  languageName: node
  linkType: hard

"ms@npm:2.1.2":
  version: 2.1.2
  resolution: "ms@npm:2.1.2"
  checksum: 673cdb2c3133eb050c745908d8ce632ed2c02d85640e2edb3ace856a2266a813b30c613569bf3354fdf4ea7d1a1494add3bfa95e2713baa27d0c2c71fc44f58f
  languageName: node
  linkType: hard

"ms@npm:>=2.1.2":
  version: 2.1.3
  resolution: "ms@npm:2.1.3"
  checksum: aa92de608021b242401676e35cfa5aa42dd70cbdc082b916da7fb925c542173e36bce97ea3e804923fe92c0ad991434e4a38327e15a1b5b5f945d66df615ae6d
  languageName: node
  linkType: hard

"once@npm:>=1.4.0, once@npm:^1.3.0, once@npm:^1.3.1, once@npm:^1.4.0":
  version: 1.4.0
  resolution: "once@npm:1.4.0"
  dependencies:
    wrappy: 1
  checksum: cd0a88501333edd640d95f0d2700fbde6bff20b3d4d9bdc521bdd31af0656b5706570d6c6afe532045a20bb8dc0849f8332d6f2a416e0ba6d3d3b98806c7db68
  languageName: node
  linkType: hard

"path-is-absolute@npm:>=1.0.1":
  version: 1.0.1
  resolution: "path-is-absolute@npm:1.0.1"
  checksum: 060840f92cf8effa293bcc1bea81281bd7d363731d214cbe5c227df207c34cd727430f70c6037b5159c8a870b9157cba65e775446b0ab06fd5ecc7e54615a3b8
  languageName: node
  linkType: hard

"path-scurry@npm:^1.7.0":
  version: 1.7.0
  resolution: "path-scurry@npm:1.7.0"
  dependencies:
    lru-cache: ^9.0.0
    minipass: ^5.0.0
  checksum: 4e86df0fa6848cef1ba672d4a332b8dbd0297c42d5123bcc419d714c34b25ee6775b0d2e66dd5e698a38e9bcd808f8fc47333e3a3357307cada98e16bfae8b98
  languageName: node
  linkType: hard

"pend@npm:>=1.2.0, pend@npm:~1.2.0":
  version: 1.2.0
  resolution: "pend@npm:1.2.0"
  checksum: 6c72f5243303d9c60bd98e6446ba7d30ae29e3d56fdb6fae8767e8ba6386f33ee284c97efe3230a0d0217e2b1723b8ab490b1bbf34fcbb2180dbc8a9de47850d
  languageName: node
  linkType: hard

"pngjs@npm:>=6.0.0":
  version: 7.0.0
  resolution: "pngjs@npm:7.0.0"
  checksum: b19a018930d27de26229c1b3ff250b3a25d09caa22cbb0b0459987d91eb0a560a18ab5d67da45a38ed7514140f26d1db58de83c31159ec101f2bb270a3c707f1
  languageName: node
  linkType: hard

"prisma@npm:4.12.0":
  version: 4.12.0
  resolution: "prisma@npm:4.12.0"
  dependencies:
    "@prisma/engines": 4.12.0
  bin:
    prisma: build/index.js
    prisma2: build/index.js
  checksum: 826b90901391eead0aa2e1ab4539474c308f8a956b480e87594b241bfaba423ebd781b8082fc329f4e7e780f3a7162a09ac61c367d3f43382e93d506e4a66c7c
  languageName: node
  linkType: hard

"progress@npm:>=2.0.3":
  version: 2.0.3
  resolution: "progress@npm:2.0.3"
  checksum: f67403fe7b34912148d9252cb7481266a354bd99ce82c835f79070643bb3c6583d10dbcfda4d41e04bbc1d8437e9af0fb1e1f2135727878f5308682a579429b7
  languageName: node
  linkType: hard

"proper-lockfile@npm:>=4.1.2":
  version: 4.1.2
  resolution: "proper-lockfile@npm:4.1.2"
  dependencies:
    graceful-fs: ^4.2.4
    retry: ^0.12.0
    signal-exit: ^3.0.2
  checksum: 00078ee6a61c216a56a6140c7d2a98c6c733b3678503002dc073ab8beca5d50ca271de4c85fca13b9b8ee2ff546c36674d1850509b84a04a5d0363bcb8638939
  languageName: node
  linkType: hard

"proxy-from-env@npm:>=1.1.0, proxy-from-env@npm:^1.1.0":
  version: 1.1.0
  resolution: "proxy-from-env@npm:1.1.0"
  checksum: ed7fcc2ba0a33404958e34d95d18638249a68c430e30fcb6c478497d72739ba64ce9810a24f53a7d921d0c065e5b78e3822759800698167256b04659366ca4d4
  languageName: node
  linkType: hard

"pump@npm:>=3.0.0, pump@npm:^3.0.0":
  version: 3.0.0
  resolution: "pump@npm:3.0.0"
  dependencies:
    end-of-stream: ^1.1.0
    once: ^1.3.1
  checksum: e42e9229fba14732593a718b04cb5e1cfef8254544870997e0ecd9732b189a48e1256e4e5478148ecb47c8511dca2b09eae56b4d0aad8009e6fac8072923cfc9
  languageName: node
  linkType: hard

"retry@npm:>=0.13.0":
  version: 0.13.1
  resolution: "retry@npm:0.13.1"
  checksum: 47c4d5be674f7c13eee4cfe927345023972197dbbdfba5d3af7e461d13b44de1bfd663bfc80d2f601f8ef3fc8164c16dd99655a221921954a65d044a2fc1233b
  languageName: node
  linkType: hard

"retry@npm:^0.12.0":
  version: 0.12.0
  resolution: "retry@npm:0.12.0"
  checksum: 623bd7d2e5119467ba66202d733ec3c2e2e26568074923bc0585b6b99db14f357e79bdedb63cab56cec47491c4a0da7e6021a7465ca6dc4f481d3898fdd3158c
  languageName: node
  linkType: hard

"rimraf@npm:>=3.0.2":
  version: 5.0.0
  resolution: "rimraf@npm:5.0.0"
  dependencies:
    glob: ^10.0.0
  bin:
    rimraf: dist/cjs/src/bin.js
  checksum: 60c5a7f152014d4f6bbf23f48e6badd145960a9be1115b719a07ba688c760b1bb8270abd6650bbd184ae2011843d8e9c775409652c89ff97550418aa5d581b27
  languageName: node
  linkType: hard

"signal-exit@npm:>=3.0.6":
  version: 4.0.1
  resolution: "signal-exit@npm:4.0.1"
  checksum: 832043367dca23e61ab6033e8b41c595fc805119bfe4fee63dea201cdc809a8b086bc54597bbbc1b2cde1a63c7dd554d1295ed2cca92db598233834a0b59b281
  languageName: node
  linkType: hard

"signal-exit@npm:^3.0.2":
  version: 3.0.7
  resolution: "signal-exit@npm:3.0.7"
  checksum: a2f098f247adc367dffc27845853e9959b9e88b01cb301658cfe4194352d8d2bb32e18467c786a7fe15f1d44b233ea35633d076d5e737870b7139949d1ab6318
  languageName: node
  linkType: hard

"smart-buffer@npm:>=4.2.0, smart-buffer@npm:^4.2.0":
  version: 4.2.0
  resolution: "smart-buffer@npm:4.2.0"
  checksum: b5167a7142c1da704c0e3af85c402002b597081dd9575031a90b4f229ca5678e9a36e8a374f1814c8156a725d17008ae3bde63b92f9cfd132526379e580bec8b
  languageName: node
  linkType: hard

"socks-proxy-agent@npm:>=7.0.0":
  version: 7.0.0
  resolution: "socks-proxy-agent@npm:7.0.0"
  dependencies:
    agent-base: ^6.0.2
    debug: ^4.3.3
    socks: ^2.6.2
  checksum: 720554370154cbc979e2e9ce6a6ec6ced205d02757d8f5d93fe95adae454fc187a5cbfc6b022afab850a5ce9b4c7d73e0f98e381879cf45f66317a4895953846
  languageName: node
  linkType: hard

"socks@npm:>=2.6.1":
  version: 2.7.1
  resolution: "socks@npm:2.7.1"
  dependencies:
    ip: ^2.0.0
    smart-buffer: ^4.2.0
  checksum: 259d9e3e8e1c9809a7f5c32238c3d4d2a36b39b83851d0f573bfde5f21c4b1288417ce1af06af1452569cd1eb0841169afd4998f0e04ba04656f6b7f0e46d748
  languageName: node
  linkType: hard

"socks@npm:^2.6.2":
  version: 2.7.0
  resolution: "socks@npm:2.7.0"
  dependencies:
    ip: ^2.0.0
    smart-buffer: ^4.2.0
  checksum: 0b5d94e2b3c11e7937b40fc5dac1e80d8b92a330e68c51f1d271ce6980c70adca42a3f8cd47c4a5769956bada074823b53374f2dc5f2ea5c2121b222dec6eadf
  languageName: node
  linkType: hard

"stack-utils@npm:>=2.0.5":
  version: 2.0.6
  resolution: "stack-utils@npm:2.0.6"
  dependencies:
    escape-string-regexp: ^2.0.0
  checksum: 052bf4d25bbf5f78e06c1d5e67de2e088b06871fa04107ca8d3f0e9d9263326e2942c8bedee3545795fc77d787d443a538345eef74db2f8e35db3558c6f91ff7
  languageName: node
  linkType: hard

"ts-node@npm:10.9.1":
  version: 10.9.1
  resolution: "ts-node@npm:10.9.1"
  dependencies:
    "@cspotcode/source-map-support": ^0.8.0
    "@tsconfig/node10": ^1.0.7
    "@tsconfig/node12": ^1.0.7
    "@tsconfig/node14": ^1.0.0
    "@tsconfig/node16": ^1.0.2
    acorn: ^8.4.1
    acorn-walk: ^8.1.1
    arg: ^4.1.0
    create-require: ^1.1.0
    diff: ^4.0.1
    make-error: ^1.1.1
    v8-compile-cache-lib: ^3.0.1
    yn: 3.1.1
  peerDependencies:
    "@swc/core": ">=1.2.50"
    "@swc/wasm": ">=1.2.50"
    "@types/node": "*"
    typescript: ">=2.7"
  peerDependenciesMeta:
    "@swc/core":
      optional: true
    "@swc/wasm":
      optional: true
  bin:
    ts-node: dist/bin.js
    ts-node-cwd: dist/bin-cwd.js
    ts-node-esm: dist/bin-esm.js
    ts-node-script: dist/bin-script.js
    ts-node-transpile-only: dist/bin-transpile.js
    ts-script: dist/bin-script-deprecated.js
  checksum: 090adff1302ab20bd3486e6b4799e90f97726ed39e02b39e566f8ab674fd5bd5f727f43615debbfc580d33c6d9d1c6b1b3ce7d8e3cca3e20530a145ffa232c35
  languageName: node
  linkType: hard

"typescript@npm:5.0.4":
  version: 5.0.4
  resolution: "typescript@npm:5.0.4"
  bin:
    tsc: bin/tsc
    tsserver: bin/tsserver
  checksum: 82b94da3f4604a8946da585f7d6c3025fff8410779e5bde2855ab130d05e4fd08938b9e593b6ebed165bda6ad9292b230984f10952cf82f0a0ca07bbeaa08172
  languageName: node
  linkType: hard

"typescript@patch:typescript@5.0.4#~builtin<compat/typescript>":
  version: 5.0.4
  resolution: "typescript@patch:typescript@npm%3A5.0.4#~builtin<compat/typescript>::version=5.0.4&hash=493e53"
  bin:
    tsc: bin/tsc
    tsserver: bin/tsserver
  checksum: 6a1fe9a77bb9c5176ead919cc4a1499ee63e46b4e05bf667079f11bf3a8f7887f135aa72460a4c3b016e6e6bb65a822cb8689a6d86cbfe92d22cc9f501f09213
  languageName: node
  linkType: hard

"v8-compile-cache-lib@npm:^3.0.1":
  version: 3.0.1
  resolution: "v8-compile-cache-lib@npm:3.0.1"
  checksum: 78089ad549e21bcdbfca10c08850022b22024cdcc2da9b168bcf5a73a6ed7bf01a9cebb9eac28e03cd23a684d81e0502797e88f3ccd27a32aeab1cfc44c39da0
  languageName: node
  linkType: hard

"wrappy@npm:1, wrappy@npm:>=1.0.2":
  version: 1.0.2
  resolution: "wrappy@npm:1.0.2"
  checksum: 159da4805f7e84a3d003d8841557196034155008f817172d4e986bd591f74aa82aa7db55929a54222309e01079a65a92a9e6414da5a6aa4b01ee44a511ac3ee5
  languageName: node
  linkType: hard

"ws@npm:>=8.0.0":
  version: 8.13.0
  resolution: "ws@npm:8.13.0"
  peerDependencies:
    bufferutil: ^4.0.1
    utf-8-validate: ">=5.0.2"
  peerDependenciesMeta:
    bufferutil:
      optional: true
    utf-8-validate:
      optional: true
  checksum: 53e991bbf928faf5dc6efac9b8eb9ab6497c69feeb94f963d648b7a3530a720b19ec2e0ec037344257e05a4f35bd9ad04d9de6f289615ffb133282031b18c61c
  languageName: node
  linkType: hard

"yauzl@npm:>=2.10.0, yauzl@npm:^2.10.0":
  version: 2.10.0
  resolution: "yauzl@npm:2.10.0"
  dependencies:
    buffer-crc32: ~0.2.3
    fd-slicer: ~1.1.0
  checksum: 7f21fe0bbad6e2cb130044a5d1d0d5a0e5bf3d8d4f8c4e6ee12163ce798fee3de7388d22a7a0907f563ac5f9d40f8699a223d3d5c1718da90b0156da6904022b
  languageName: node
  linkType: hard

"yazl@npm:>=2.5.1":
  version: 2.5.1
  resolution: "yazl@npm:2.5.1"
  dependencies:
    buffer-crc32: ~0.2.3
  checksum: daec5154b5485d8621bfea359e905ddca0b2f068430a4aa0a802bf5d67391157a383e0c2767acccbf5964264851da643bc740155a9458e2d8dce55b94c1cc2ed
  languageName: node
  linkType: hard

"yn@npm:3.1.1":
  version: 3.1.1
  resolution: "yn@npm:3.1.1"
  checksum: 2c487b0e149e746ef48cda9f8bad10fc83693cd69d7f9dcd8be4214e985de33a29c9e24f3c0d6bcf2288427040a8947406ab27f7af67ee9456e6b84854f02dd6
  languageName: node
  linkType: hard
